
Microsoft Visual Studio Solution File, Format Version 12.00
# Visual Studio Version 16
VisualStudioVersion = 16.0.31911.196
MinimumVisualStudioVersion = 10.0.40219.1
Project("{FAE04EC0-301F-11D3-BF4B-00C04F79EFBC}") = "Proj8", "Proj8\Proj8.csproj", "{5570A231-7481-4D26-82F7-9E48ABAC4B30}"
EndProject
Global
	GlobalSection(SolutionConfigurationPlatforms) = preSolution
		Debug|Any CPU = Debug|Any CPU
		Release|Any CPU = Release|Any CPU
	EndGlobalSection
	GlobalSection(ProjectConfigurationPlatforms) = postSolution
		{5570A231-7481-4D26-82F7-9E48ABAC4B30}.Debug|Any CPU.ActiveCfg = Debug|Any CPU
		{5570A231-7481-4D26-82F7-9E48ABAC4B30}.Debug|Any CPU.Build.0 = Debug|Any CPU
		{5570A231-7481-4D26-82F7-9E48ABAC4B30}.Release|Any CPU.ActiveCfg = Release|Any CPU
		{5570A231-7481-4D26-82F7-9E48ABAC4B30}.Release|Any CPU.Build.0 = Release|Any CPU
	EndGlobalSection
	GlobalSection(SolutionProperties) = preSolution
		HideSolutionNode = FALSE
	EndGlobalSection
	GlobalSection(ExtensibilityGlobals) = postSolution
		SolutionGuid = {5E821ADB-7DE1-4D7F-B902-4D6A04DB4623}
	EndGlobalSection
EndGlobal
