
Microsoft Visual Studio Solution File, Format Version 12.00
# Visual Studio Version 16
VisualStudioVersion = 16.0.31727.386
MinimumVisualStudioVersion = 10.0.40219.1
Project("{FAE04EC0-301F-11D3-BF4B-00C04F79EFBC}") = "Proj1", "Proj1\Proj1.csproj", "{FF8ADC81-D64B-431B-98A4-6A0049119362}"
EndProject
Global
	GlobalSection(SolutionConfigurationPlatforms) = preSolution
		Debug|Any CPU = Debug|Any CPU
		Release|Any CPU = Release|Any CPU
	EndGlobalSection
	GlobalSection(ProjectConfigurationPlatforms) = postSolution
		{FF8ADC81-D64B-431B-98A4-6A0049119362}.Debug|Any CPU.ActiveCfg = Debug|Any CPU
		{FF8ADC81-D64B-431B-98A4-6A0049119362}.Debug|Any CPU.Build.0 = Debug|Any CPU
		{FF8ADC81-D64B-431B-98A4-6A0049119362}.Release|Any CPU.ActiveCfg = Release|Any CPU
		{FF8ADC81-D64B-431B-98A4-6A0049119362}.Release|Any CPU.Build.0 = Release|Any CPU
	EndGlobalSection
	GlobalSection(SolutionProperties) = preSolution
		HideSolutionNode = FALSE
	EndGlobalSection
	GlobalSection(ExtensibilityGlobals) = postSolution
		SolutionGuid = {08D38A64-64E9-40DF-98F3-FFE4C03EE462}
	EndGlobalSection
EndGlobal
